PODS:
  - Alamofire (5.7.1)
  - SSZipArchive (2.4.3)
  - SwiftFormat/CLI (0.51.12)
  - SwiftLint (0.52.4)

DEPENDENCIES:
  - Alamofire
  - SSZipArchive
  - SwiftFormat/CLI (~> 0.49)
  - SwiftLint

SPEC REPOS:
  trunk:
    - Alamofire
    - SSZipArchive
    - SwiftFormat
    - SwiftLint

SPEC CHECKSUMS:
  Alamofire: 0123a34370cb170936ae79a8df46cc62b2edeb88
  SSZipArchive: fe6a26b2a54d5a0890f2567b5cc6de5caa600aef
  SwiftFormat: a5bbe21e2794b5a914f548ec651f28f2ab8be099
  SwiftLint: 1cc5cd61ba9bacb2194e340aeb47a2a37fda00b3

PODFILE CHECKSUM: 92fc90192f0fa816f97f56608d370ba041569c0d

COCOAPODS: 1.11.3
