// !$*UTF8*$!
{
	archiveVersion = 1;
	classes = {
	};
	objectVersion = 56;
	objects = {

/* Begin PBXBuildFile section */
		413DC90B2A35C5F700BB9334 /* TrainsApp.swift in Sources */ = {isa = PBXBuildFile; fileRef = 413DC90A2A35C5F700BB9334 /* TrainsApp.swift */; };
		413DC90D2A35C5F700BB9334 /* ContentView.swift in Sources */ = {isa = PBXBuildFile; fileRef = 413DC90C2A35C5F700BB9334 /* ContentView.swift */; };
		413DC90F2A35C5FA00BB9334 /* Assets.xcassets in Resources */ = {isa = PBXBuildFile; fileRef = 413DC90E2A35C5FA00BB9334 /* Assets.xcassets */; };
		413DC9122A35C5FA00BB9334 /* Preview Assets.xcassets in Resources */ = {isa = PBXBuildFile; fileRef = 413DC9112A35C5FA00BB9334 /* Preview Assets.xcassets */; };
		413DC91C2A35C5FA00BB9334 /* TrainsTests.swift in Sources */ = {isa = PBXBuildFile; fileRef = 413DC91B2A35C5FA00BB9334 /* TrainsTests.swift */; };
		413DC9262A35C5FA00BB9334 /* TrainsUITests.swift in Sources */ = {isa = PBXBuildFile; fileRef = 413DC9252A35C5FA00BB9334 /* TrainsUITests.swift */; };
		413DC9282A35C5FA00BB9334 /* TrainsUITestsLaunchTests.swift in Sources */ = {isa = PBXBuildFile; fileRef = 413DC9272A35C5FA00BB9334 /* TrainsUITestsLaunchTests.swift */; };
		C821E29B2A739CE70072AC77 /* .swiftlint.yml in Resources */ = {isa = PBXBuildFile; fileRef = C821E29A2A739CE70072AC77 /* .swiftlint.yml */; };
		C8310D802A84FB03000803D8 /* GTFS in Frameworks */ = {isa = PBXBuildFile; productRef = C8310D7F2A84FB03000803D8 /* GTFS */; };
		C89AD2DD2A8B0AF7003808E9 /* Errors.swift in Sources */ = {isa = PBXBuildFile; fileRef = C89AD2DC2A8B0AF7003808E9 /* Errors.swift */; };
		C89AD2DF2A8B0B09003808E9 /* APIState.swift in Sources */ = {isa = PBXBuildFile; fileRef = C89AD2DE2A8B0B09003808E9 /* APIState.swift */; };
		C89AD2E62A8B2A80003808E9 /* Alamofire in Frameworks */ = {isa = PBXBuildFile; productRef = C89AD2E52A8B2A80003808E9 /* Alamofire */; };
		C89AD2EB2A8B360C003808E9 /* TripPlannerResponse.swift in Sources */ = {isa = PBXBuildFile; fileRef = C89AD2EA2A8B360C003808E9 /* TripPlannerResponse.swift */; };
		C8D6709E2A7E0BDA0062BCBC /* Logger.swift in Sources */ = {isa = PBXBuildFile; fileRef = C8D6709D2A7E0BDA0062BCBC /* Logger.swift */; };
		C8D670A62A7E28150062BCBC /* TripViewModel.swift in Sources */ = {isa = PBXBuildFile; fileRef = C8D670A52A7E28150062BCBC /* TripViewModel.swift */; };
		C8E56D832A863C4A0064BE01 /* stops.json in Resources */ = {isa = PBXBuildFile; fileRef = C8E56D822A863C4A0064BE01 /* stops.json */; };
		C8E56D892A8649730064BE01 /* TripPlannerManager.swift in Sources */ = {isa = PBXBuildFile; fileRef = C8E56D882A8649730064BE01 /* TripPlannerManager.swift */; };
/* End PBXBuildFile section */

/* Begin PBXContainerItemProxy section */
		413DC9182A35C5FA00BB9334 /* PBXContainerItemProxy */ = {
			isa = PBXContainerItemProxy;
			containerPortal = 413DC8FF2A35C5F700BB9334 /* Project object */;
			proxyType = 1;
			remoteGlobalIDString = 413DC9062A35C5F700BB9334;
			remoteInfo = Trains;
		};
		413DC9222A35C5FA00BB9334 /* PBXContainerItemProxy */ = {
			isa = PBXContainerItemProxy;
			containerPortal = 413DC8FF2A35C5F700BB9334 /* Project object */;
			proxyType = 1;
			remoteGlobalIDString = 413DC9062A35C5F700BB9334;
			remoteInfo = Trains;
		};
/* End PBXContainerItemProxy section */

/* Begin PBXFileReference section */
		413DC9072A35C5F700BB9334 /* Trains.app */ = {isa = PBXFileReference; explicitFileType = wrapper.application; includeInIndex = 0; path = Trains.app; sourceTree = BUILT_PRODUCTS_DIR; };
		413DC90A2A35C5F700BB9334 /* TrainsApp.swift */ = {isa = PBXFileReference; lastKnownFileType = sourcecode.swift; path = TrainsApp.swift; sourceTree = "<group>"; };
		413DC90C2A35C5F700BB9334 /* ContentView.swift */ = {isa = PBXFileReference; lastKnownFileType = sourcecode.swift; path = ContentView.swift; sourceTree = "<group>"; };
		413DC90E2A35C5FA00BB9334 /* Assets.xcassets */ = {isa = PBXFileReference; lastKnownFileType = folder.assetcatalog; path = Assets.xcassets; sourceTree = "<group>"; };
		413DC9112A35C5FA00BB9334 /* Preview Assets.xcassets */ = {isa = PBXFileReference; lastKnownFileType = folder.assetcatalog; path = "Preview Assets.xcassets"; sourceTree = "<group>"; };
		413DC9172A35C5FA00BB9334 /* TrainsTests.xctest */ = {isa = PBXFileReference; explicitFileType = wrapper.cfbundle; includeInIndex = 0; path = TrainsTests.xctest; sourceTree = BUILT_PRODUCTS_DIR; };
		413DC91B2A35C5FA00BB9334 /* TrainsTests.swift */ = {isa = PBXFileReference; lastKnownFileType = sourcecode.swift; path = TrainsTests.swift; sourceTree = "<group>"; };
		413DC9212A35C5FA00BB9334 /* TrainsUITests.xctest */ = {isa = PBXFileReference; explicitFileType = wrapper.cfbundle; includeInIndex = 0; path = TrainsUITests.xctest; sourceTree = BUILT_PRODUCTS_DIR; };
		413DC9252A35C5FA00BB9334 /* TrainsUITests.swift */ = {isa = PBXFileReference; lastKnownFileType = sourcecode.swift; path = TrainsUITests.swift; sourceTree = "<group>"; };
		413DC9272A35C5FA00BB9334 /* TrainsUITestsLaunchTests.swift */ = {isa = PBXFileReference; lastKnownFileType = sourcecode.swift; path = TrainsUITestsLaunchTests.swift; sourceTree = "<group>"; };
		C821E29A2A739CE70072AC77 /* .swiftlint.yml */ = {isa = PBXFileReference; lastKnownFileType = text.yaml; name = .swiftlint.yml; path = Trains/.swiftlint.yml; sourceTree = "<group>"; };
		C89AD2DC2A8B0AF7003808E9 /* Errors.swift */ = {isa = PBXFileReference; lastKnownFileType = sourcecode.swift; path = Errors.swift; sourceTree = "<group>"; };
		C89AD2DE2A8B0B09003808E9 /* APIState.swift */ = {isa = PBXFileReference; lastKnownFileType = sourcecode.swift; path = APIState.swift; sourceTree = "<group>"; };
		C89AD2E92A8B3313003808E9 /* Info.plist */ = {isa = PBXFileReference; lastKnownFileType = text.plist; path = Info.plist; sourceTree = "<group>"; };
		C89AD2EA2A8B360C003808E9 /* TripPlannerResponse.swift */ = {isa = PBXFileReference; lastKnownFileType = sourcecode.swift; path = TripPlannerResponse.swift; sourceTree = "<group>"; };
		C8D6709D2A7E0BDA0062BCBC /* Logger.swift */ = {isa = PBXFileReference; lastKnownFileType = sourcecode.swift; path = Logger.swift; sourceTree = "<group>"; };
		C8D670A52A7E28150062BCBC /* TripViewModel.swift */ = {isa = PBXFileReference; lastKnownFileType = sourcecode.swift; path = TripViewModel.swift; sourceTree = "<group>"; };
		C8E56D822A863C4A0064BE01 /* stops.json */ = {isa = PBXFileReference; fileEncoding = 4; lastKnownFileType = text.json; path = stops.json; sourceTree = "<group>"; };
		C8E56D882A8649730064BE01 /* TripPlannerManager.swift */ = {isa = PBXFileReference; lastKnownFileType = sourcecode.swift; path = TripPlannerManager.swift; sourceTree = "<group>"; };
/* End PBXFileReference section */

/* Begin PBXFrameworksBuildPhase section */
		413DC9042A35C5F700BB9334 /* Frameworks */ = {
			isa = PBXFrameworksBuildPhase;
			buildActionMask = 2147483647;
			files = (
				C8310D802A84FB03000803D8 /* GTFS in Frameworks */,
				C89AD2E62A8B2A80003808E9 /* Alamofire in Frameworks */,
			);
			runOnlyForDeploymentPostprocessing = 0;
		};
		413DC9142A35C5FA00BB9334 /* Frameworks */ = {
			isa = PBXFrameworksBuildPhase;
			buildActionMask = 2147483647;
			files = (
			);
			runOnlyForDeploymentPostprocessing = 0;
		};
		413DC91E2A35C5FA00BB9334 /* Frameworks */ = {
			isa = PBXFrameworksBuildPhase;
			buildActionMask = 2147483647;
			files = (
			);
			runOnlyForDeploymentPostprocessing = 0;
		};
/* End PBXFrameworksBuildPhase section */

/* Begin PBXGroup section */
		41150EE62A6E720000E225FB /* Views */ = {
			isa = PBXGroup;
			children = (
				413DC90C2A35C5F700BB9334 /* ContentView.swift */,
			);
			path = Views;
			sourceTree = "<group>";
		};
		413DC8FE2A35C5F700BB9334 = {
			isa = PBXGroup;
			children = (
				C821E29A2A739CE70072AC77 /* .swiftlint.yml */,
				C8E56D822A863C4A0064BE01 /* stops.json */,
				413DC9092A35C5F700BB9334 /* Trains */,
				413DC91A2A35C5FA00BB9334 /* TrainsTests */,
				413DC9242A35C5FA00BB9334 /* TrainsUITests */,
				413DC9082A35C5F700BB9334 /* Products */,
				C80319DC2A714A8D00D842E8 /* Frameworks */,
			);
			sourceTree = "<group>";
		};
		413DC9082A35C5F700BB9334 /* Products */ = {
			isa = PBXGroup;
			children = (
				413DC9072A35C5F700BB9334 /* Trains.app */,
				413DC9172A35C5FA00BB9334 /* TrainsTests.xctest */,
				413DC9212A35C5FA00BB9334 /* TrainsUITests.xctest */,
			);
			name = Products;
			sourceTree = "<group>";
		};
		413DC9092A35C5F700BB9334 /* Trains */ = {
			isa = PBXGroup;
			children = (
				C89AD2E92A8B3313003808E9 /* Info.plist */,
				C821E29E2A7636C40072AC77 /* Model */,
				413DC90A2A35C5F700BB9334 /* TrainsApp.swift */,
				C821E2972A73929E0072AC77 /* ViewModel */,
				41150EE62A6E720000E225FB /* Views */,
				413DC9342A35C6A800BB9334 /* Managers */,
				413DC90E2A35C5FA00BB9334 /* Assets.xcassets */,
				413DC9102A35C5FA00BB9334 /* Preview Content */,
			);
			path = Trains;
			sourceTree = "<group>";
		};
		413DC9102A35C5FA00BB9334 /* Preview Content */ = {
			isa = PBXGroup;
			children = (
				413DC9112A35C5FA00BB9334 /* Preview Assets.xcassets */,
			);
			path = "Preview Content";
			sourceTree = "<group>";
		};
		413DC91A2A35C5FA00BB9334 /* TrainsTests */ = {
			isa = PBXGroup;
			children = (
				413DC91B2A35C5FA00BB9334 /* TrainsTests.swift */,
			);
			path = TrainsTests;
			sourceTree = "<group>";
		};
		413DC9242A35C5FA00BB9334 /* TrainsUITests */ = {
			isa = PBXGroup;
			children = (
				413DC9252A35C5FA00BB9334 /* TrainsUITests.swift */,
				413DC9272A35C5FA00BB9334 /* TrainsUITestsLaunchTests.swift */,
			);
			path = TrainsUITests;
			sourceTree = "<group>";
		};
		413DC9342A35C6A800BB9334 /* Managers */ = {
			isa = PBXGroup;
			children = (
				C8D6709D2A7E0BDA0062BCBC /* Logger.swift */,
				C8E56D882A8649730064BE01 /* TripPlannerManager.swift */,
			);
			path = Managers;
			sourceTree = "<group>";
		};
		C80319DC2A714A8D00D842E8 /* Frameworks */ = {
			isa = PBXGroup;
			children = (
			);
			name = Frameworks;
			sourceTree = "<group>";
		};
		C821E2972A73929E0072AC77 /* ViewModel */ = {
			isa = PBXGroup;
			children = (
				C8D670A52A7E28150062BCBC /* TripViewModel.swift */,
			);
			path = ViewModel;
			sourceTree = "<group>";
		};
		C821E29E2A7636C40072AC77 /* Model */ = {
			isa = PBXGroup;
			children = (
				C89AD2DC2A8B0AF7003808E9 /* Errors.swift */,
				C89AD2DE2A8B0B09003808E9 /* APIState.swift */,
				C89AD2EA2A8B360C003808E9 /* TripPlannerResponse.swift */,
			);
			path = Model;
			sourceTree = "<group>";
		};
/* End PBXGroup section */

/* Begin PBXNativeTarget section */
		413DC9062A35C5F700BB9334 /* Trains */ = {
			isa = PBXNativeTarget;
			buildConfigurationList = 413DC92B2A35C5FA00BB9334 /* Build configuration list for PBXNativeTarget "Trains" */;
			buildPhases = (
				413DC9032A35C5F700BB9334 /* Sources */,
				413DC9042A35C5F700BB9334 /* Frameworks */,
				413DC9052A35C5F700BB9334 /* Resources */,
			);
			buildRules = (
			);
			dependencies = (
				C8048A822A7139E50064C89C /* PBXTargetDependency */,
			);
			name = Trains;
			packageProductDependencies = (
				C8310D7F2A84FB03000803D8 /* GTFS */,
				C89AD2E52A8B2A80003808E9 /* Alamofire */,
			);
			productName = Trains;
			productReference = 413DC9072A35C5F700BB9334 /* Trains.app */;
			productType = "com.apple.product-type.application";
		};
		413DC9162A35C5FA00BB9334 /* TrainsTests */ = {
			isa = PBXNativeTarget;
			buildConfigurationList = 413DC92E2A35C5FA00BB9334 /* Build configuration list for PBXNativeTarget "TrainsTests" */;
			buildPhases = (
				413DC9132A35C5FA00BB9334 /* Sources */,
				413DC9142A35C5FA00BB9334 /* Frameworks */,
				413DC9152A35C5FA00BB9334 /* Resources */,
			);
			buildRules = (
			);
			dependencies = (
				413DC9192A35C5FA00BB9334 /* PBXTargetDependency */,
			);
			name = TrainsTests;
			productName = TrainsTests;
			productReference = 413DC9172A35C5FA00BB9334 /* TrainsTests.xctest */;
			productType = "com.apple.product-type.bundle.unit-test";
		};
		413DC9202A35C5FA00BB9334 /* TrainsUITests */ = {
			isa = PBXNativeTarget;
			buildConfigurationList = 413DC9312A35C5FA00BB9334 /* Build configuration list for PBXNativeTarget "TrainsUITests" */;
			buildPhases = (
				413DC91D2A35C5FA00BB9334 /* Sources */,
				413DC91E2A35C5FA00BB9334 /* Frameworks */,
				413DC91F2A35C5FA00BB9334 /* Resources */,
			);
			buildRules = (
			);
			dependencies = (
				413DC9232A35C5FA00BB9334 /* PBXTargetDependency */,
			);
			name = TrainsUITests;
			productName = TrainsUITests;
			productReference = 413DC9212A35C5FA00BB9334 /* TrainsUITests.xctest */;
			productType = "com.apple.product-type.bundle.ui-testing";
		};
/* End PBXNativeTarget section */

/* Begin PBXProject section */
		413DC8FF2A35C5F700BB9334 /* Project object */ = {
			isa = PBXProject;
			attributes = {
				BuildIndependentTargetsInParallel = 1;
				LastSwiftUpdateCheck = 1430;
				LastUpgradeCheck = 1430;
				TargetAttributes = {
					413DC9062A35C5F700BB9334 = {
						CreatedOnToolsVersion = 14.3.1;
					};
					413DC9162A35C5FA00BB9334 = {
						CreatedOnToolsVersion = 14.3.1;
						TestTargetID = 413DC9062A35C5F700BB9334;
					};
					413DC9202A35C5FA00BB9334 = {
						CreatedOnToolsVersion = 14.3.1;
						TestTargetID = 413DC9062A35C5F700BB9334;
					};
				};
			};
			buildConfigurationList = 413DC9022A35C5F700BB9334 /* Build configuration list for PBXProject "Trains" */;
			compatibilityVersion = "Xcode 14.0";
			developmentRegion = en;
			hasScannedForEncodings = 0;
			knownRegions = (
				en,
				Base,
			);
			mainGroup = 413DC8FE2A35C5F700BB9334;
			packageReferences = (
				C8048A7B2A7137890064C89C /* XCRemoteSwiftPackageReference "SwiftLint" */,
				C8310D7E2A84FB03000803D8 /* XCRemoteSwiftPackageReference "GTFS" */,
				C89AD2E42A8B2A80003808E9 /* XCRemoteSwiftPackageReference "Alamofire" */,
			);
			productRefGroup = 413DC9082A35C5F700BB9334 /* Products */;
			projectDirPath = "";
			projectRoot = "";
			targets = (
				413DC9062A35C5F700BB9334 /* Trains */,
				413DC9162A35C5FA00BB9334 /* TrainsTests */,
				413DC9202A35C5FA00BB9334 /* TrainsUITests */,
			);
		};
/* End PBXProject section */

/* Begin PBXResourcesBuildPhase section */
		413DC9052A35C5F700BB9334 /* Resources */ = {
			isa = PBXResourcesBuildPhase;
			buildActionMask = 2147483647;
			files = (
				C821E29B2A739CE70072AC77 /* .swiftlint.yml in Resources */,
				413DC9122A35C5FA00BB9334 /* Preview Assets.xcassets in Resources */,
				C8E56D832A863C4A0064BE01 /* stops.json in Resources */,
				413DC90F2A35C5FA00BB9334 /* Assets.xcassets in Resources */,
			);
			runOnlyForDeploymentPostprocessing = 0;
		};
		413DC9152A35C5FA00BB9334 /* Resources */ = {
			isa = PBXResourcesBuildPhase;
			buildActionMask = 2147483647;
			files = (
			);
			runOnlyForDeploymentPostprocessing = 0;
		};
		413DC91F2A35C5FA00BB9334 /* Resources */ = {
			isa = PBXResourcesBuildPhase;
			buildActionMask = 2147483647;
			files = (
			);
			runOnlyForDeploymentPostprocessing = 0;
		};
/* End PBXResourcesBuildPhase section */

/* Begin PBXSourcesBuildPhase section */
		413DC9032A35C5F700BB9334 /* Sources */ = {
			isa = PBXSourcesBuildPhase;
			buildActionMask = 2147483647;
			files = (
				C89AD2DF2A8B0B09003808E9 /* APIState.swift in Sources */,
				C89AD2EB2A8B360C003808E9 /* TripPlannerResponse.swift in Sources */,
				413DC90D2A35C5F700BB9334 /* ContentView.swift in Sources */,
				413DC90B2A35C5F700BB9334 /* TrainsApp.swift in Sources */,
				C8D670A62A7E28150062BCBC /* TripViewModel.swift in Sources */,
				C89AD2DD2A8B0AF7003808E9 /* Errors.swift in Sources */,
				C8D6709E2A7E0BDA0062BCBC /* Logger.swift in Sources */,
				C8E56D892A8649730064BE01 /* TripPlannerManager.swift in Sources */,
			);
			runOnlyForDeploymentPostprocessing = 0;
		};
		413DC9132A35C5FA00BB9334 /* Sources */ = {
			isa = PBXSourcesBuildPhase;
			buildActionMask = 2147483647;
			files = (
				413DC91C2A35C5FA00BB9334 /* TrainsTests.swift in Sources */,
			);
			runOnlyForDeploymentPostprocessing = 0;
		};
		413DC91D2A35C5FA00BB9334 /* Sources */ = {
			isa = PBXSourcesBuildPhase;
			buildActionMask = 2147483647;
			files = (
				413DC9262A35C5FA00BB9334 /* TrainsUITests.swift in Sources */,
				413DC9282A35C5FA00BB9334 /* TrainsUITestsLaunchTests.swift in Sources */,
			);
			runOnlyForDeploymentPostprocessing = 0;
		};
/* End PBXSourcesBuildPhase section */

/* Begin PBXTargetDependency section */
		413DC9192A35C5FA00BB9334 /* PBXTargetDependency */ = {
			isa = PBXTargetDependency;
			target = 413DC9062A35C5F700BB9334 /* Trains */;
			targetProxy = 413DC9182A35C5FA00BB9334 /* PBXContainerItemProxy */;
		};
		413DC9232A35C5FA00BB9334 /* PBXTargetDependency */ = {
			isa = PBXTargetDependency;
			target = 413DC9062A35C5F700BB9334 /* Trains */;
			targetProxy = 413DC9222A35C5FA00BB9334 /* PBXContainerItemProxy */;
		};
		C8048A822A7139E50064C89C /* PBXTargetDependency */ = {
			isa = PBXTargetDependency;
			productRef = C8048A812A7139E50064C89C /* SwiftLintPlugin */;
		};
/* End PBXTargetDependency section */

/* Begin XCBuildConfiguration section */
		413DC9292A35C5FA00BB9334 /* Debug */ = {
			isa = XCBuildConfiguration;
			buildSettings = {
				ALWAYS_SEARCH_USER_PATHS = NO;
				CLANG_ANALYZER_NONNULL = YES;
				CLANG_ANALYZER_NUMBER_OBJECT_CONVERSION = YES_AGGRESSIVE;
				CLANG_CXX_LANGUAGE_STANDARD = "gnu++20";
				CLANG_ENABLE_MODULES = YES;
				CLANG_ENABLE_OBJC_ARC = YES;
				CLANG_ENABLE_OBJC_WEAK = YES;
				CLANG_WARN_BLOCK_CAPTURE_AUTORELEASING = YES;
				CLANG_WARN_BOOL_CONVERSION = YES;
				CLANG_WARN_COMMA = YES;
				CLANG_WARN_CONSTANT_CONVERSION = YES;
				CLANG_WARN_DEPRECATED_OBJC_IMPLEMENTATIONS = YES;
				CLANG_WARN_DIRECT_OBJC_ISA_USAGE = YES_ERROR;
				CLANG_WARN_DOCUMENTATION_COMMENTS = YES;
				CLANG_WARN_EMPTY_BODY = YES;
				CLANG_WARN_ENUM_CONVERSION = YES;
				CLANG_WARN_INFINITE_RECURSION = YES;
				CLANG_WARN_INT_CONVERSION = YES;
				CLANG_WARN_NON_LITERAL_NULL_CONVERSION = YES;
				CLANG_WARN_OBJC_IMPLICIT_RETAIN_SELF = YES;
				CLANG_WARN_OBJC_LITERAL_CONVERSION = YES;
				CLANG_WARN_OBJC_ROOT_CLASS = YES_ERROR;
				CLANG_WARN_QUOTED_INCLUDE_IN_FRAMEWORK_HEADER = YES;
				CLANG_WARN_RANGE_LOOP_ANALYSIS = YES;
				CLANG_WARN_STRICT_PROTOTYPES = YES;
				CLANG_WARN_SUSPICIOUS_MOVE = YES;
				CLANG_WARN_UNGUARDED_AVAILABILITY = YES_AGGRESSIVE;
				CLANG_WARN_UNREACHABLE_CODE = YES;
				CLANG_WARN__DUPLICATE_METHOD_MATCH = YES;
				COPY_PHASE_STRIP = NO;
				DEBUG_INFORMATION_FORMAT = dwarf;
				ENABLE_STRICT_OBJC_MSGSEND = YES;
				ENABLE_TESTABILITY = YES;
				GCC_C_LANGUAGE_STANDARD = gnu11;
				GCC_DYNAMIC_NO_PIC = NO;
				GCC_NO_COMMON_BLOCKS = YES;
				GCC_OPTIMIZATION_LEVEL = 0;
				GCC_PREPROCESSOR_DEFINITIONS = (
					"DEBUG=1",
					"$(inherited)",
				);
				GCC_WARN_64_TO_32_BIT_CONVERSION = YES;
				GCC_WARN_ABOUT_RETURN_TYPE = YES_ERROR;
				GCC_WARN_UNDECLARED_SELECTOR = YES;
				GCC_WARN_UNINITIALIZED_AUTOS = YES_AGGRESSIVE;
				GCC_WARN_UNUSED_FUNCTION = YES;
				GCC_WARN_UNUSED_VARIABLE = YES;
				IPHONEOS_DEPLOYMENT_TARGET = 16.0;
				MTL_ENABLE_DEBUG_INFO = INCLUDE_SOURCE;
				MTL_FAST_MATH = YES;
				ONLY_ACTIVE_ARCH = YES;
				SDKROOT = iphoneos;
				SWIFT_ACTIVE_COMPILATION_CONDITIONS = DEBUG;
				SWIFT_OPTIMIZATION_LEVEL = "-Onone";
			};
			name = Debug;
		};
		413DC92A2A35C5FA00BB9334 /* Release */ = {
			isa = XCBuildConfiguration;
			buildSettings = {
				ALWAYS_SEARCH_USER_PATHS = NO;
				CLANG_ANALYZER_NONNULL = YES;
				CLANG_ANALYZER_NUMBER_OBJECT_CONVERSION = YES_AGGRESSIVE;
				CLANG_CXX_LANGUAGE_STANDARD = "gnu++20";
				CLANG_ENABLE_MODULES = YES;
				CLANG_ENABLE_OBJC_ARC = YES;
				CLANG_ENABLE_OBJC_WEAK = YES;
				CLANG_WARN_BLOCK_CAPTURE_AUTORELEASING = YES;
				CLANG_WARN_BOOL_CONVERSION = YES;
				CLANG_WARN_COMMA = YES;
				CLANG_WARN_CONSTANT_CONVERSION = YES;
				CLANG_WARN_DEPRECATED_OBJC_IMPLEMENTATIONS = YES;
				CLANG_WARN_DIRECT_OBJC_ISA_USAGE = YES_ERROR;
				CLANG_WARN_DOCUMENTATION_COMMENTS = YES;
				CLANG_WARN_EMPTY_BODY = YES;
				CLANG_WARN_ENUM_CONVERSION = YES;
				CLANG_WARN_INFINITE_RECURSION = YES;
				CLANG_WARN_INT_CONVERSION = YES;
				CLANG_WARN_NON_LITERAL_NULL_CONVERSION = YES;
				CLANG_WARN_OBJC_IMPLICIT_RETAIN_SELF = YES;
				CLANG_WARN_OBJC_LITERAL_CONVERSION = YES;
				CLANG_WARN_OBJC_ROOT_CLASS = YES_ERROR;
				CLANG_WARN_QUOTED_INCLUDE_IN_FRAMEWORK_HEADER = YES;
				CLANG_WARN_RANGE_LOOP_ANALYSIS = YES;
				CLANG_WARN_STRICT_PROTOTYPES = YES;
				CLANG_WARN_SUSPICIOUS_MOVE = YES;
				CLANG_WARN_UNGUARDED_AVAILABILITY = YES_AGGRESSIVE;
				CLANG_WARN_UNREACHABLE_CODE = YES;
				CLANG_WARN__DUPLICATE_METHOD_MATCH = YES;
				COPY_PHASE_STRIP = NO;
				DEBUG_INFORMATION_FORMAT = "dwarf-with-dsym";
				ENABLE_NS_ASSERTIONS = NO;
				ENABLE_STRICT_OBJC_MSGSEND = YES;
				GCC_C_LANGUAGE_STANDARD = gnu11;
				GCC_NO_COMMON_BLOCKS = YES;
				GCC_WARN_64_TO_32_BIT_CONVERSION = YES;
				GCC_WARN_ABOUT_RETURN_TYPE = YES_ERROR;
				GCC_WARN_UNDECLARED_SELECTOR = YES;
				GCC_WARN_UNINITIALIZED_AUTOS = YES_AGGRESSIVE;
				GCC_WARN_UNUSED_FUNCTION = YES;
				GCC_WARN_UNUSED_VARIABLE = YES;
				IPHONEOS_DEPLOYMENT_TARGET = 16.0;
				MTL_ENABLE_DEBUG_INFO = NO;
				MTL_FAST_MATH = YES;
				SDKROOT = iphoneos;
				SWIFT_COMPILATION_MODE = wholemodule;
				SWIFT_OPTIMIZATION_LEVEL = "-O";
				VALIDATE_PRODUCT = YES;
			};
			name = Release;
		};
		413DC92C2A35C5FA00BB9334 /* Debug */ = {
			isa = XCBuildConfiguration;
			buildSettings = {
				ASSETCATALOG_COMPILER_APPICON_NAME = AppIcon;
				ASSETCATALOG_COMPILER_GLOBAL_ACCENT_COLOR_NAME = AccentColor;
				CODE_SIGN_STYLE = Automatic;
				CURRENT_PROJECT_VERSION = 1;
				DEVELOPMENT_ASSET_PATHS = "\"Trains/Preview Content\"";
				DEVELOPMENT_TEAM = L9DQK6FQ3F;
				ENABLE_PREVIEWS = YES;
				GENERATE_INFOPLIST_FILE = YES;
				INFOPLIST_FILE = Trains/Info.plist;
				INFOPLIST_KEY_UIApplicationSceneManifest_Generation = YES;
				INFOPLIST_KEY_UIApplicationSupportsIndirectInputEvents = YES;
				INFOPLIST_KEY_UILaunchScreen_Generation = YES;
				INFOPLIST_KEY_UISupportedInterfaceOrientations_iPad = "UIInterfaceOrientationPortrait UIInterfaceOrientationPortraitUpsideDown UIInterfaceOrientationLandscapeLeft UIInterfaceOrientationLandscapeRight";
				INFOPLIST_KEY_UISupportedInterfaceOrientations_iPhone = "UIInterfaceOrientationPortrait UIInterfaceOrientationLandscapeLeft UIInterfaceOrientationLandscapeRight";
				IPHONEOS_DEPLOYMENT_TARGET = 16.0;
				LD_RUNPATH_SEARCH_PATHS = (
					"$(inherited)",
					"@executable_path/Frameworks",
				);
				MARKETING_VERSION = 1.0;
				PRODUCT_BUNDLE_IDENTIFIER = Ali.Trains;
				PRODUCT_NAME = "$(TARGET_NAME)";
				SWIFT_EMIT_LOC_STRINGS = YES;
				SWIFT_VERSION = 5.0;
				TARGETED_DEVICE_FAMILY = "1,2";
			};
			name = Debug;
		};
		413DC92D2A35C5FA00BB9334 /* Release */ = {
			isa = XCBuildConfiguration;
			buildSettings = {
				ASSETCATALOG_COMPILER_APPICON_NAME = AppIcon;
				ASSETCATALOG_COMPILER_GLOBAL_ACCENT_COLOR_NAME = AccentColor;
				CODE_SIGN_STYLE = Automatic;
				CURRENT_PROJECT_VERSION = 1;
				DEVELOPMENT_ASSET_PATHS = "\"Trains/Preview Content\"";
				DEVELOPMENT_TEAM = L9DQK6FQ3F;
				ENABLE_PREVIEWS = YES;
				GENERATE_INFOPLIST_FILE = YES;
				INFOPLIST_FILE = Trains/Info.plist;
				INFOPLIST_KEY_UIApplicationSceneManifest_Generation = YES;
				INFOPLIST_KEY_UIApplicationSupportsIndirectInputEvents = YES;
				INFOPLIST_KEY_UILaunchScreen_Generation = YES;
				INFOPLIST_KEY_UISupportedInterfaceOrientations_iPad = "UIInterfaceOrientationPortrait UIInterfaceOrientationPortraitUpsideDown UIInterfaceOrientationLandscapeLeft UIInterfaceOrientationLandscapeRight";
				INFOPLIST_KEY_UISupportedInterfaceOrientations_iPhone = "UIInterfaceOrientationPortrait UIInterfaceOrientationLandscapeLeft UIInterfaceOrientationLandscapeRight";
				IPHONEOS_DEPLOYMENT_TARGET = 16.0;
				LD_RUNPATH_SEARCH_PATHS = (
					"$(inherited)",
					"@executable_path/Frameworks",
				);
				MARKETING_VERSION = 1.0;
				PRODUCT_BUNDLE_IDENTIFIER = Ali.Trains;
				PRODUCT_NAME = "$(TARGET_NAME)";
				SWIFT_EMIT_LOC_STRINGS = YES;
				SWIFT_VERSION = 5.0;
				TARGETED_DEVICE_FAMILY = "1,2";
			};
			name = Release;
		};
		413DC92F2A35C5FA00BB9334 /* Debug */ = {
			isa = XCBuildConfiguration;
			buildSettings = {
				ALWAYS_EMBED_SWIFT_STANDARD_LIBRARIES = YES;
				BUNDLE_LOADER = "$(TEST_HOST)";
				CODE_SIGN_STYLE = Automatic;
				CURRENT_PROJECT_VERSION = 1;
				DEVELOPMENT_TEAM = MD5CW7R5NB;
				GENERATE_INFOPLIST_FILE = YES;
				IPHONEOS_DEPLOYMENT_TARGET = 16.4;
				MARKETING_VERSION = 1.0;
				PRODUCT_BUNDLE_IDENTIFIER = Ali.TrainsTests;
				PRODUCT_NAME = "$(TARGET_NAME)";
				SWIFT_EMIT_LOC_STRINGS = NO;
				SWIFT_VERSION = 5.0;
				TARGETED_DEVICE_FAMILY = "1,2";
				TEST_HOST = "$(BUILT_PRODUCTS_DIR)/Trains.app/$(BUNDLE_EXECUTABLE_FOLDER_PATH)/Trains";
			};
			name = Debug;
		};
		413DC9302A35C5FA00BB9334 /* Release */ = {
			isa = XCBuildConfiguration;
			buildSettings = {
				ALWAYS_EMBED_SWIFT_STANDARD_LIBRARIES = YES;
				BUNDLE_LOADER = "$(TEST_HOST)";
				CODE_SIGN_STYLE = Automatic;
				CURRENT_PROJECT_VERSION = 1;
				DEVELOPMENT_TEAM = MD5CW7R5NB;
				GENERATE_INFOPLIST_FILE = YES;
				IPHONEOS_DEPLOYMENT_TARGET = 16.4;
				MARKETING_VERSION = 1.0;
				PRODUCT_BUNDLE_IDENTIFIER = Ali.TrainsTests;
				PRODUCT_NAME = "$(TARGET_NAME)";
				SWIFT_EMIT_LOC_STRINGS = NO;
				SWIFT_VERSION = 5.0;
				TARGETED_DEVICE_FAMILY = "1,2";
				TEST_HOST = "$(BUILT_PRODUCTS_DIR)/Trains.app/$(BUNDLE_EXECUTABLE_FOLDER_PATH)/Trains";
			};
			name = Release;
		};
		413DC9322A35C5FA00BB9334 /* Debug */ = {
			isa = XCBuildConfiguration;
			buildSettings = {
				ALWAYS_EMBED_SWIFT_STANDARD_LIBRARIES = YES;
				CODE_SIGN_STYLE = Automatic;
				CURRENT_PROJECT_VERSION = 1;
				DEVELOPMENT_TEAM = MD5CW7R5NB;
				GENERATE_INFOPLIST_FILE = YES;
				MARKETING_VERSION = 1.0;
				PRODUCT_BUNDLE_IDENTIFIER = Ali.TrainsUITests;
				PRODUCT_NAME = "$(TARGET_NAME)";
				SWIFT_EMIT_LOC_STRINGS = NO;
				SWIFT_VERSION = 5.0;
				TARGETED_DEVICE_FAMILY = "1,2";
				TEST_TARGET_NAME = Trains;
			};
			name = Debug;
		};
		413DC9332A35C5FA00BB9334 /* Release */ = {
			isa = XCBuildConfiguration;
			buildSettings = {
				ALWAYS_EMBED_SWIFT_STANDARD_LIBRARIES = YES;
				CODE_SIGN_STYLE = Automatic;
				CURRENT_PROJECT_VERSION = 1;
				DEVELOPMENT_TEAM = MD5CW7R5NB;
				GENERATE_INFOPLIST_FILE = YES;
				MARKETING_VERSION = 1.0;
				PRODUCT_BUNDLE_IDENTIFIER = Ali.TrainsUITests;
				PRODUCT_NAME = "$(TARGET_NAME)";
				SWIFT_EMIT_LOC_STRINGS = NO;
				SWIFT_VERSION = 5.0;
				TARGETED_DEVICE_FAMILY = "1,2";
				TEST_TARGET_NAME = Trains;
			};
			name = Release;
		};
/* End XCBuildConfiguration section */

/* Begin XCConfigurationList section */
		413DC9022A35C5F700BB9334 /* Build configuration list for PBXProject "Trains" */ = {
			isa = XCConfigurationList;
			buildConfigurations = (
				413DC9292A35C5FA00BB9334 /* Debug */,
				413DC92A2A35C5FA00BB9334 /* Release */,
			);
			defaultConfigurationIsVisible = 0;
			defaultConfigurationName = Release;
		};
		413DC92B2A35C5FA00BB9334 /* Build configuration list for PBXNativeTarget "Trains" */ = {
			isa = XCConfigurationList;
			buildConfigurations = (
				413DC92C2A35C5FA00BB9334 /* Debug */,
				413DC92D2A35C5FA00BB9334 /* Release */,
			);
			defaultConfigurationIsVisible = 0;
			defaultConfigurationName = Release;
		};
		413DC92E2A35C5FA00BB9334 /* Build configuration list for PBXNativeTarget "TrainsTests" */ = {
			isa = XCConfigurationList;
			buildConfigurations = (
				413DC92F2A35C5FA00BB9334 /* Debug */,
				413DC9302A35C5FA00BB9334 /* Release */,
			);
			defaultConfigurationIsVisible = 0;
			defaultConfigurationName = Release;
		};
		413DC9312A35C5FA00BB9334 /* Build configuration list for PBXNativeTarget "TrainsUITests" */ = {
			isa = XCConfigurationList;
			buildConfigurations = (
				413DC9322A35C5FA00BB9334 /* Debug */,
				413DC9332A35C5FA00BB9334 /* Release */,
			);
			defaultConfigurationIsVisible = 0;
			defaultConfigurationName = Release;
		};
/* End XCConfigurationList section */

/* Begin XCRemoteSwiftPackageReference section */
		C8048A7B2A7137890064C89C /* XCRemoteSwiftPackageReference "SwiftLint" */ = {
			isa = XCRemoteSwiftPackageReference;
			repositoryURL = "https://github.com/realm/SwiftLint";
			requirement = {
				kind = upToNextMajorVersion;
				minimumVersion = 0.52.4;
			};
		};
		C8310D7E2A84FB03000803D8 /* XCRemoteSwiftPackageReference "GTFS" */ = {
			isa = XCRemoteSwiftPackageReference;
			repositoryURL = "https://github.com/emma-k-alexandra/GTFS.git";
			requirement = {
				kind = upToNextMajorVersion;
				minimumVersion = 1.0.0;
			};
		};
		C89AD2E42A8B2A80003808E9 /* XCRemoteSwiftPackageReference "Alamofire" */ = {
			isa = XCRemoteSwiftPackageReference;
			repositoryURL = "https://github.com/Alamofire/Alamofire";
			requirement = {
				kind = upToNextMajorVersion;
				minimumVersion = 5.0.0;
			};
		};
/* End XCRemoteSwiftPackageReference section */

/* Begin XCSwiftPackageProductDependency section */
		C8048A812A7139E50064C89C /* SwiftLintPlugin */ = {
			isa = XCSwiftPackageProductDependency;
			package = C8048A7B2A7137890064C89C /* XCRemoteSwiftPackageReference "SwiftLint" */;
			productName = "plugin:SwiftLintPlugin";
		};
		C8310D7F2A84FB03000803D8 /* GTFS */ = {
			isa = XCSwiftPackageProductDependency;
			package = C8310D7E2A84FB03000803D8 /* XCRemoteSwiftPackageReference "GTFS" */;
			productName = GTFS;
		};
		C89AD2E52A8B2A80003808E9 /* Alamofire */ = {
			isa = XCSwiftPackageProductDependency;
			package = C89AD2E42A8B2A80003808E9 /* XCRemoteSwiftPackageReference "Alamofire" */;
			productName = Alamofire;
		};
/* End XCSwiftPackageProductDependency section */
	};
	rootObject = 413DC8FF2A35C5F700BB9334 /* Project object */;
}
