// !$*UTF8*$!
{
	archiveVersion = 1;
	classes = {
	};
	objectVersion = 56;
	objects = {

/* Begin PBXBuildFile section */
		41150EEB2A6E83B300E225FB /* SearchCompleterLabelView.swift in Sources */ = {isa = PBXBuildFile; fileRef = 41150EEA2A6E83B300E225FB /* SearchCompleterLabelView.swift */; };
		41150EED2A6E83ED00E225FB /* SearchCompleterView.swift in Sources */ = {isa = PBXBuildFile; fileRef = 41150EEC2A6E83ED00E225FB /* SearchCompleterView.swift */; };
		413DC90B2A35C5F700BB9334 /* TrainsApp.swift in Sources */ = {isa = PBXBuildFile; fileRef = 413DC90A2A35C5F700BB9334 /* TrainsApp.swift */; };
		413DC90D2A35C5F700BB9334 /* ContentView.swift in Sources */ = {isa = PBXBuildFile; fileRef = 413DC90C2A35C5F700BB9334 /* ContentView.swift */; };
		413DC90F2A35C5FA00BB9334 /* Assets.xcassets in Resources */ = {isa = PBXBuildFile; fileRef = 413DC90E2A35C5FA00BB9334 /* Assets.xcassets */; };
		413DC9122A35C5FA00BB9334 /* Preview Assets.xcassets in Resources */ = {isa = PBXBuildFile; fileRef = 413DC9112A35C5FA00BB9334 /* Preview Assets.xcassets */; };
		413DC91C2A35C5FA00BB9334 /* TrainsTests.swift in Sources */ = {isa = PBXBuildFile; fileRef = 413DC91B2A35C5FA00BB9334 /* TrainsTests.swift */; };
		413DC9262A35C5FA00BB9334 /* TrainsUITests.swift in Sources */ = {isa = PBXBuildFile; fileRef = 413DC9252A35C5FA00BB9334 /* TrainsUITests.swift */; };
		413DC9282A35C5FA00BB9334 /* TrainsUITestsLaunchTests.swift in Sources */ = {isa = PBXBuildFile; fileRef = 413DC9272A35C5FA00BB9334 /* TrainsUITestsLaunchTests.swift */; };
		413DC93F2A35C6A900BB9334 /* LocationManager.swift in Sources */ = {isa = PBXBuildFile; fileRef = 413DC9352A35C6A900BB9334 /* LocationManager.swift */; };
		41F772272A51381B009D90A3 /* FavouriteDestinationsView.swift in Sources */ = {isa = PBXBuildFile; fileRef = 41F772262A51381B009D90A3 /* FavouriteDestinationsView.swift */; };
/* End PBXBuildFile section */

/* Begin PBXContainerItemProxy section */
		413DC9182A35C5FA00BB9334 /* PBXContainerItemProxy */ = {
			isa = PBXContainerItemProxy;
			containerPortal = 413DC8FF2A35C5F700BB9334 /* Project object */;
			proxyType = 1;
			remoteGlobalIDString = 413DC9062A35C5F700BB9334;
			remoteInfo = Trains;
		};
		413DC9222A35C5FA00BB9334 /* PBXContainerItemProxy */ = {
			isa = PBXContainerItemProxy;
			containerPortal = 413DC8FF2A35C5F700BB9334 /* Project object */;
			proxyType = 1;
			remoteGlobalIDString = 413DC9062A35C5F700BB9334;
			remoteInfo = Trains;
		};
/* End PBXContainerItemProxy section */

/* Begin PBXFileReference section */
		41150EEA2A6E83B300E225FB /* SearchCompleterLabelView.swift */ = {isa = PBXFileReference; lastKnownFileType = sourcecode.swift; path = SearchCompleterLabelView.swift; sourceTree = "<group>"; };
		41150EEC2A6E83ED00E225FB /* SearchCompleterView.swift */ = {isa = PBXFileReference; lastKnownFileType = sourcecode.swift; path = SearchCompleterView.swift; sourceTree = "<group>"; };
		413DC9072A35C5F700BB9334 /* Trains.app */ = {isa = PBXFileReference; explicitFileType = wrapper.application; includeInIndex = 0; path = Trains.app; sourceTree = BUILT_PRODUCTS_DIR; };
		413DC90A2A35C5F700BB9334 /* TrainsApp.swift */ = {isa = PBXFileReference; lastKnownFileType = sourcecode.swift; path = TrainsApp.swift; sourceTree = "<group>"; };
		413DC90C2A35C5F700BB9334 /* ContentView.swift */ = {isa = PBXFileReference; lastKnownFileType = sourcecode.swift; path = ContentView.swift; sourceTree = "<group>"; };
		413DC90E2A35C5FA00BB9334 /* Assets.xcassets */ = {isa = PBXFileReference; lastKnownFileType = folder.assetcatalog; path = Assets.xcassets; sourceTree = "<group>"; };
		413DC9112A35C5FA00BB9334 /* Preview Assets.xcassets */ = {isa = PBXFileReference; lastKnownFileType = folder.assetcatalog; path = "Preview Assets.xcassets"; sourceTree = "<group>"; };
		413DC9172A35C5FA00BB9334 /* TrainsTests.xctest */ = {isa = PBXFileReference; explicitFileType = wrapper.cfbundle; includeInIndex = 0; path = TrainsTests.xctest; sourceTree = BUILT_PRODUCTS_DIR; };
		413DC91B2A35C5FA00BB9334 /* TrainsTests.swift */ = {isa = PBXFileReference; lastKnownFileType = sourcecode.swift; path = TrainsTests.swift; sourceTree = "<group>"; };
		413DC9212A35C5FA00BB9334 /* TrainsUITests.xctest */ = {isa = PBXFileReference; explicitFileType = wrapper.cfbundle; includeInIndex = 0; path = TrainsUITests.xctest; sourceTree = BUILT_PRODUCTS_DIR; };
		413DC9252A35C5FA00BB9334 /* TrainsUITests.swift */ = {isa = PBXFileReference; lastKnownFileType = sourcecode.swift; path = TrainsUITests.swift; sourceTree = "<group>"; };
		413DC9272A35C5FA00BB9334 /* TrainsUITestsLaunchTests.swift */ = {isa = PBXFileReference; lastKnownFileType = sourcecode.swift; path = TrainsUITestsLaunchTests.swift; sourceTree = "<group>"; };
		413DC9352A35C6A900BB9334 /* LocationManager.swift */ = {isa = PBXFileReference; fileEncoding = 4; lastKnownFileType = sourcecode.swift; path = LocationManager.swift; sourceTree = "<group>"; };
		41F772262A51381B009D90A3 /* FavouriteDestinationsView.swift */ = {isa = PBXFileReference; lastKnownFileType = sourcecode.swift; path = FavouriteDestinationsView.swift; sourceTree = "<group>"; };
/* End PBXFileReference section */

/* Begin PBXFrameworksBuildPhase section */
		413DC9042A35C5F700BB9334 /* Frameworks */ = {
			isa = PBXFrameworksBuildPhase;
			buildActionMask = 2147483647;
			files = (
			);
			runOnlyForDeploymentPostprocessing = 0;
		};
		413DC9142A35C5FA00BB9334 /* Frameworks */ = {
			isa = PBXFrameworksBuildPhase;
			buildActionMask = 2147483647;
			files = (
			);
			runOnlyForDeploymentPostprocessing = 0;
		};
		413DC91E2A35C5FA00BB9334 /* Frameworks */ = {
			isa = PBXFrameworksBuildPhase;
			buildActionMask = 2147483647;
			files = (
			);
			runOnlyForDeploymentPostprocessing = 0;
		};
/* End PBXFrameworksBuildPhase section */

/* Begin PBXGroup section */
		41150EE62A6E720000E225FB /* Views */ = {
			isa = PBXGroup;
			children = (
				41F772262A51381B009D90A3 /* FavouriteDestinationsView.swift */,
				413DC90C2A35C5F700BB9334 /* ContentView.swift */,
				41150EEA2A6E83B300E225FB /* SearchCompleterLabelView.swift */,
				41150EEC2A6E83ED00E225FB /* SearchCompleterView.swift */,
			);
			path = Views;
			sourceTree = "<group>";
		};
		41150EE72A6E721300E225FB /* Models */ = {
			isa = PBXGroup;
			children = (
			);
			path = Models;
			sourceTree = "<group>";
		};
		413DC8FE2A35C5F700BB9334 = {
			isa = PBXGroup;
			children = (
				413DC9092A35C5F700BB9334 /* Trains */,
				413DC91A2A35C5FA00BB9334 /* TrainsTests */,
				413DC9242A35C5FA00BB9334 /* TrainsUITests */,
				413DC9082A35C5F700BB9334 /* Products */,
			);
			sourceTree = "<group>";
		};
		413DC9082A35C5F700BB9334 /* Products */ = {
			isa = PBXGroup;
			children = (
				413DC9072A35C5F700BB9334 /* Trains.app */,
				413DC9172A35C5FA00BB9334 /* TrainsTests.xctest */,
				413DC9212A35C5FA00BB9334 /* TrainsUITests.xctest */,
			);
			name = Products;
			sourceTree = "<group>";
		};
		413DC9092A35C5F700BB9334 /* Trains */ = {
			isa = PBXGroup;
			children = (
				413DC90A2A35C5F700BB9334 /* TrainsApp.swift */,
				41150EE72A6E721300E225FB /* Models */,
				41150EE62A6E720000E225FB /* Views */,
				413DC9342A35C6A800BB9334 /* Managers */,
				413DC90E2A35C5FA00BB9334 /* Assets.xcassets */,
				413DC9102A35C5FA00BB9334 /* Preview Content */,
			);
			path = Trains;
			sourceTree = "<group>";
		};
		413DC9102A35C5FA00BB9334 /* Preview Content */ = {
			isa = PBXGroup;
			children = (
				413DC9112A35C5FA00BB9334 /* Preview Assets.xcassets */,
			);
			path = "Preview Content";
			sourceTree = "<group>";
		};
		413DC91A2A35C5FA00BB9334 /* TrainsTests */ = {
			isa = PBXGroup;
			children = (
				413DC91B2A35C5FA00BB9334 /* TrainsTests.swift */,
			);
			path = TrainsTests;
			sourceTree = "<group>";
		};
		413DC9242A35C5FA00BB9334 /* TrainsUITests */ = {
			isa = PBXGroup;
			children = (
				413DC9252A35C5FA00BB9334 /* TrainsUITests.swift */,
				413DC9272A35C5FA00BB9334 /* TrainsUITestsLaunchTests.swift */,
			);
			path = TrainsUITests;
			sourceTree = "<group>";
		};
		413DC9342A35C6A800BB9334 /* Managers */ = {
			isa = PBXGroup;
			children = (
				413DC9352A35C6A900BB9334 /* LocationManager.swift */,
			);
			path = Managers;
			sourceTree = "<group>";
		};
/* End PBXGroup section */

/* Begin PBXNativeTarget section */
		413DC9062A35C5F700BB9334 /* Trains */ = {
			isa = PBXNativeTarget;
			buildConfigurationList = 413DC92B2A35C5FA00BB9334 /* Build configuration list for PBXNativeTarget "Trains" */;
			buildPhases = (
				41150EE32A6E717500E225FB /* SwiftLint */,
				413DC9032A35C5F700BB9334 /* Sources */,
				413DC9042A35C5F700BB9334 /* Frameworks */,
				413DC9052A35C5F700BB9334 /* Resources */,
			);
			buildRules = (
			);
			dependencies = (
			);
			name = Trains;
			productName = Trains;
			productReference = 413DC9072A35C5F700BB9334 /* Trains.app */;
			productType = "com.apple.product-type.application";
		};
		413DC9162A35C5FA00BB9334 /* TrainsTests */ = {
			isa = PBXNativeTarget;
			buildConfigurationList = 413DC92E2A35C5FA00BB9334 /* Build configuration list for PBXNativeTarget "TrainsTests" */;
			buildPhases = (
				413DC9132A35C5FA00BB9334 /* Sources */,
				413DC9142A35C5FA00BB9334 /* Frameworks */,
				413DC9152A35C5FA00BB9334 /* Resources */,
			);
			buildRules = (
			);
			dependencies = (
				413DC9192A35C5FA00BB9334 /* PBXTargetDependency */,
			);
			name = TrainsTests;
			productName = TrainsTests;
			productReference = 413DC9172A35C5FA00BB9334 /* TrainsTests.xctest */;
			productType = "com.apple.product-type.bundle.unit-test";
		};
		413DC9202A35C5FA00BB9334 /* TrainsUITests */ = {
			isa = PBXNativeTarget;
			buildConfigurationList = 413DC9312A35C5FA00BB9334 /* Build configuration list for PBXNativeTarget "TrainsUITests" */;
			buildPhases = (
				413DC91D2A35C5FA00BB9334 /* Sources */,
				413DC91E2A35C5FA00BB9334 /* Frameworks */,
				413DC91F2A35C5FA00BB9334 /* Resources */,
			);
			buildRules = (
			);
			dependencies = (
				413DC9232A35C5FA00BB9334 /* PBXTargetDependency */,
			);
			name = TrainsUITests;
			productName = TrainsUITests;
			productReference = 413DC9212A35C5FA00BB9334 /* TrainsUITests.xctest */;
			productType = "com.apple.product-type.bundle.ui-testing";
		};
/* End PBXNativeTarget section */

/* Begin PBXProject section */
		413DC8FF2A35C5F700BB9334 /* Project object */ = {
			isa = PBXProject;
			attributes = {
				BuildIndependentTargetsInParallel = 1;
				LastSwiftUpdateCheck = 1430;
				LastUpgradeCheck = 1430;
				TargetAttributes = {
					413DC9062A35C5F700BB9334 = {
						CreatedOnToolsVersion = 14.3.1;
					};
					413DC9162A35C5FA00BB9334 = {
						CreatedOnToolsVersion = 14.3.1;
						TestTargetID = 413DC9062A35C5F700BB9334;
					};
					413DC9202A35C5FA00BB9334 = {
						CreatedOnToolsVersion = 14.3.1;
						TestTargetID = 413DC9062A35C5F700BB9334;
					};
				};
			};
			buildConfigurationList = 413DC9022A35C5F700BB9334 /* Build configuration list for PBXProject "Trains" */;
			compatibilityVersion = "Xcode 14.0";
			developmentRegion = en;
			hasScannedForEncodings = 0;
			knownRegions = (
				en,
				Base,
			);
			mainGroup = 413DC8FE2A35C5F700BB9334;
			productRefGroup = 413DC9082A35C5F700BB9334 /* Products */;
			projectDirPath = "";
			projectRoot = "";
			targets = (
				413DC9062A35C5F700BB9334 /* Trains */,
				413DC9162A35C5FA00BB9334 /* TrainsTests */,
				413DC9202A35C5FA00BB9334 /* TrainsUITests */,
			);
		};
/* End PBXProject section */

/* Begin PBXResourcesBuildPhase section */
		413DC9052A35C5F700BB9334 /* Resources */ = {
			isa = PBXResourcesBuildPhase;
			buildActionMask = 2147483647;
			files = (
				413DC9122A35C5FA00BB9334 /* Preview Assets.xcassets in Resources */,
				413DC90F2A35C5FA00BB9334 /* Assets.xcassets in Resources */,
			);
			runOnlyForDeploymentPostprocessing = 0;
		};
		413DC9152A35C5FA00BB9334 /* Resources */ = {
			isa = PBXResourcesBuildPhase;
			buildActionMask = 2147483647;
			files = (
			);
			runOnlyForDeploymentPostprocessing = 0;
		};
		413DC91F2A35C5FA00BB9334 /* Resources */ = {
			isa = PBXResourcesBuildPhase;
			buildActionMask = 2147483647;
			files = (
			);
			runOnlyForDeploymentPostprocessing = 0;
		};
/* End PBXResourcesBuildPhase section */

/* Begin PBXShellScriptBuildPhase section */
		41150EE32A6E717500E225FB /* SwiftLint */ = {
			isa = PBXShellScriptBuildPhase;
			buildActionMask = 2147483647;
			files = (
			);
			inputFileListPaths = (
			);
			inputPaths = (
			);
			name = SwiftLint;
			outputFileListPaths = (
			);
			outputPaths = (
			);
			runOnlyForDeploymentPostprocessing = 0;
			shellPath = /bin/sh;
			shellScript = "if [[ \"$(uname -m)\" == arm64 ]]; then\n    export PATH=\"/opt/homebrew/bin:$PATH\"\nfi\n\nif which swiftlint > /dev/null; then\n  swiftlint\nelse\n  echo \"warning: SwiftLint not installed, download from https://github.com/realm/SwiftLint\"\nfi\n";
		};
/* End PBXShellScriptBuildPhase section */

/* Begin PBXSourcesBuildPhase section */
		413DC9032A35C5F700BB9334 /* Sources */ = {
			isa = PBXSourcesBuildPhase;
			buildActionMask = 2147483647;
			files = (
				413DC93F2A35C6A900BB9334 /* LocationManager.swift in Sources */,
				41F772272A51381B009D90A3 /* FavouriteDestinationsView.swift in Sources */,
				41150EED2A6E83ED00E225FB /* SearchCompleterView.swift in Sources */,
				41150EEB2A6E83B300E225FB /* SearchCompleterLabelView.swift in Sources */,
				413DC90D2A35C5F700BB9334 /* ContentView.swift in Sources */,
				413DC90B2A35C5F700BB9334 /* TrainsApp.swift in Sources */,
			);
			runOnlyForDeploymentPostprocessing = 0;
		};
		413DC9132A35C5FA00BB9334 /* Sources */ = {
			isa = PBXSourcesBuildPhase;
			buildActionMask = 2147483647;
			files = (
				413DC91C2A35C5FA00BB9334 /* TrainsTests.swift in Sources */,
			);
			runOnlyForDeploymentPostprocessing = 0;
		};
		413DC91D2A35C5FA00BB9334 /* Sources */ = {
			isa = PBXSourcesBuildPhase;
			buildActionMask = 2147483647;
			files = (
				413DC9262A35C5FA00BB9334 /* TrainsUITests.swift in Sources */,
				413DC9282A35C5FA00BB9334 /* TrainsUITestsLaunchTests.swift in Sources */,
			);
			runOnlyForDeploymentPostprocessing = 0;
		};
/* End PBXSourcesBuildPhase section */

/* Begin PBXTargetDependency section */
		413DC9192A35C5FA00BB9334 /* PBXTargetDependency */ = {
			isa = PBXTargetDependency;
			target = 413DC9062A35C5F700BB9334 /* Trains */;
			targetProxy = 413DC9182A35C5FA00BB9334 /* PBXContainerItemProxy */;
		};
		413DC9232A35C5FA00BB9334 /* PBXTargetDependency */ = {
			isa = PBXTargetDependency;
			target = 413DC9062A35C5F700BB9334 /* Trains */;
			targetProxy = 413DC9222A35C5FA00BB9334 /* PBXContainerItemProxy */;
		};
/* End PBXTargetDependency section */

/* Begin XCBuildConfiguration section */
		413DC9292A35C5FA00BB9334 /* Debug */ = {
			isa = XCBuildConfiguration;
			buildSettings = {
				ALWAYS_SEARCH_USER_PATHS = NO;
				CLANG_ANALYZER_NONNULL = YES;
				CLANG_ANALYZER_NUMBER_OBJECT_CONVERSION = YES_AGGRESSIVE;
				CLANG_CXX_LANGUAGE_STANDARD = "gnu++20";
				CLANG_ENABLE_MODULES = YES;
				CLANG_ENABLE_OBJC_ARC = YES;
				CLANG_ENABLE_OBJC_WEAK = YES;
				CLANG_WARN_BLOCK_CAPTURE_AUTORELEASING = YES;
				CLANG_WARN_BOOL_CONVERSION = YES;
				CLANG_WARN_COMMA = YES;
				CLANG_WARN_CONSTANT_CONVERSION = YES;
				CLANG_WARN_DEPRECATED_OBJC_IMPLEMENTATIONS = YES;
				CLANG_WARN_DIRECT_OBJC_ISA_USAGE = YES_ERROR;
				CLANG_WARN_DOCUMENTATION_COMMENTS = YES;
				CLANG_WARN_EMPTY_BODY = YES;
				CLANG_WARN_ENUM_CONVERSION = YES;
				CLANG_WARN_INFINITE_RECURSION = YES;
				CLANG_WARN_INT_CONVERSION = YES;
				CLANG_WARN_NON_LITERAL_NULL_CONVERSION = YES;
				CLANG_WARN_OBJC_IMPLICIT_RETAIN_SELF = YES;
				CLANG_WARN_OBJC_LITERAL_CONVERSION = YES;
				CLANG_WARN_OBJC_ROOT_CLASS = YES_ERROR;
				CLANG_WARN_QUOTED_INCLUDE_IN_FRAMEWORK_HEADER = YES;
				CLANG_WARN_RANGE_LOOP_ANALYSIS = YES;
				CLANG_WARN_STRICT_PROTOTYPES = YES;
				CLANG_WARN_SUSPICIOUS_MOVE = YES;
				CLANG_WARN_UNGUARDED_AVAILABILITY = YES_AGGRESSIVE;
				CLANG_WARN_UNREACHABLE_CODE = YES;
				CLANG_WARN__DUPLICATE_METHOD_MATCH = YES;
				COPY_PHASE_STRIP = NO;
				DEBUG_INFORMATION_FORMAT = dwarf;
				ENABLE_STRICT_OBJC_MSGSEND = YES;
				ENABLE_TESTABILITY = YES;
				GCC_C_LANGUAGE_STANDARD = gnu11;
				GCC_DYNAMIC_NO_PIC = NO;
				GCC_NO_COMMON_BLOCKS = YES;
				GCC_OPTIMIZATION_LEVEL = 0;
				GCC_PREPROCESSOR_DEFINITIONS = (
					"DEBUG=1",
					"$(inherited)",
				);
				GCC_WARN_64_TO_32_BIT_CONVERSION = YES;
				GCC_WARN_ABOUT_RETURN_TYPE = YES_ERROR;
				GCC_WARN_UNDECLARED_SELECTOR = YES;
				GCC_WARN_UNINITIALIZED_AUTOS = YES_AGGRESSIVE;
				GCC_WARN_UNUSED_FUNCTION = YES;
				GCC_WARN_UNUSED_VARIABLE = YES;
				IPHONEOS_DEPLOYMENT_TARGET = 16.4;
				MTL_ENABLE_DEBUG_INFO = INCLUDE_SOURCE;
				MTL_FAST_MATH = YES;
				ONLY_ACTIVE_ARCH = YES;
				SDKROOT = iphoneos;
				SWIFT_ACTIVE_COMPILATION_CONDITIONS = DEBUG;
				SWIFT_OPTIMIZATION_LEVEL = "-Onone";
			};
			name = Debug;
		};
		413DC92A2A35C5FA00BB9334 /* Release */ = {
			isa = XCBuildConfiguration;
			buildSettings = {
				ALWAYS_SEARCH_USER_PATHS = NO;
				CLANG_ANALYZER_NONNULL = YES;
				CLANG_ANALYZER_NUMBER_OBJECT_CONVERSION = YES_AGGRESSIVE;
				CLANG_CXX_LANGUAGE_STANDARD = "gnu++20";
				CLANG_ENABLE_MODULES = YES;
				CLANG_ENABLE_OBJC_ARC = YES;
				CLANG_ENABLE_OBJC_WEAK = YES;
				CLANG_WARN_BLOCK_CAPTURE_AUTORELEASING = YES;
				CLANG_WARN_BOOL_CONVERSION = YES;
				CLANG_WARN_COMMA = YES;
				CLANG_WARN_CONSTANT_CONVERSION = YES;
				CLANG_WARN_DEPRECATED_OBJC_IMPLEMENTATIONS = YES;
				CLANG_WARN_DIRECT_OBJC_ISA_USAGE = YES_ERROR;
				CLANG_WARN_DOCUMENTATION_COMMENTS = YES;
				CLANG_WARN_EMPTY_BODY = YES;
				CLANG_WARN_ENUM_CONVERSION = YES;
				CLANG_WARN_INFINITE_RECURSION = YES;
				CLANG_WARN_INT_CONVERSION = YES;
				CLANG_WARN_NON_LITERAL_NULL_CONVERSION = YES;
				CLANG_WARN_OBJC_IMPLICIT_RETAIN_SELF = YES;
				CLANG_WARN_OBJC_LITERAL_CONVERSION = YES;
				CLANG_WARN_OBJC_ROOT_CLASS = YES_ERROR;
				CLANG_WARN_QUOTED_INCLUDE_IN_FRAMEWORK_HEADER = YES;
				CLANG_WARN_RANGE_LOOP_ANALYSIS = YES;
				CLANG_WARN_STRICT_PROTOTYPES = YES;
				CLANG_WARN_SUSPICIOUS_MOVE = YES;
				CLANG_WARN_UNGUARDED_AVAILABILITY = YES_AGGRESSIVE;
				CLANG_WARN_UNREACHABLE_CODE = YES;
				CLANG_WARN__DUPLICATE_METHOD_MATCH = YES;
				COPY_PHASE_STRIP = NO;
				DEBUG_INFORMATION_FORMAT = "dwarf-with-dsym";
				ENABLE_NS_ASSERTIONS = NO;
				ENABLE_STRICT_OBJC_MSGSEND = YES;
				GCC_C_LANGUAGE_STANDARD = gnu11;
				GCC_NO_COMMON_BLOCKS = YES;
				GCC_WARN_64_TO_32_BIT_CONVERSION = YES;
				GCC_WARN_ABOUT_RETURN_TYPE = YES_ERROR;
				GCC_WARN_UNDECLARED_SELECTOR = YES;
				GCC_WARN_UNINITIALIZED_AUTOS = YES_AGGRESSIVE;
				GCC_WARN_UNUSED_FUNCTION = YES;
				GCC_WARN_UNUSED_VARIABLE = YES;
				IPHONEOS_DEPLOYMENT_TARGET = 16.4;
				MTL_ENABLE_DEBUG_INFO = NO;
				MTL_FAST_MATH = YES;
				SDKROOT = iphoneos;
				SWIFT_COMPILATION_MODE = wholemodule;
				SWIFT_OPTIMIZATION_LEVEL = "-O";
				VALIDATE_PRODUCT = YES;
			};
			name = Release;
		};
		413DC92C2A35C5FA00BB9334 /* Debug */ = {
			isa = XCBuildConfiguration;
			buildSettings = {
				ASSETCATALOG_COMPILER_APPICON_NAME = AppIcon;
				ASSETCATALOG_COMPILER_GLOBAL_ACCENT_COLOR_NAME = AccentColor;
				CODE_SIGN_STYLE = Automatic;
				CURRENT_PROJECT_VERSION = 1;
				DEVELOPMENT_ASSET_PATHS = "\"Trains/Preview Content\"";
				DEVELOPMENT_TEAM = MD5CW7R5NB;
				ENABLE_PREVIEWS = YES;
				GENERATE_INFOPLIST_FILE = YES;
				INFOPLIST_KEY_UIApplicationSceneManifest_Generation = YES;
				INFOPLIST_KEY_UIApplicationSupportsIndirectInputEvents = YES;
				INFOPLIST_KEY_UILaunchScreen_Generation = YES;
				INFOPLIST_KEY_UISupportedInterfaceOrientations_iPad = "UIInterfaceOrientationPortrait UIInterfaceOrientationPortraitUpsideDown UIInterfaceOrientationLandscapeLeft UIInterfaceOrientationLandscapeRight";
				INFOPLIST_KEY_UISupportedInterfaceOrientations_iPhone = "UIInterfaceOrientationPortrait UIInterfaceOrientationLandscapeLeft UIInterfaceOrientationLandscapeRight";
				IPHONEOS_DEPLOYMENT_TARGET = 15.0;
				LD_RUNPATH_SEARCH_PATHS = (
					"$(inherited)",
					"@executable_path/Frameworks",
				);
				MARKETING_VERSION = 1.0;
				PRODUCT_BUNDLE_IDENTIFIER = Ali.Trains;
				PRODUCT_NAME = "$(TARGET_NAME)";
				SWIFT_EMIT_LOC_STRINGS = YES;
				SWIFT_VERSION = 5.0;
				TARGETED_DEVICE_FAMILY = "1,2";
			};
			name = Debug;
		};
		413DC92D2A35C5FA00BB9334 /* Release */ = {
			isa = XCBuildConfiguration;
			buildSettings = {
				ASSETCATALOG_COMPILER_APPICON_NAME = AppIcon;
				ASSETCATALOG_COMPILER_GLOBAL_ACCENT_COLOR_NAME = AccentColor;
				CODE_SIGN_STYLE = Automatic;
				CURRENT_PROJECT_VERSION = 1;
				DEVELOPMENT_ASSET_PATHS = "\"Trains/Preview Content\"";
				DEVELOPMENT_TEAM = MD5CW7R5NB;
				ENABLE_PREVIEWS = YES;
				GENERATE_INFOPLIST_FILE = YES;
				INFOPLIST_KEY_UIApplicationSceneManifest_Generation = YES;
				INFOPLIST_KEY_UIApplicationSupportsIndirectInputEvents = YES;
				INFOPLIST_KEY_UILaunchScreen_Generation = YES;
				INFOPLIST_KEY_UISupportedInterfaceOrientations_iPad = "UIInterfaceOrientationPortrait UIInterfaceOrientationPortraitUpsideDown UIInterfaceOrientationLandscapeLeft UIInterfaceOrientationLandscapeRight";
				INFOPLIST_KEY_UISupportedInterfaceOrientations_iPhone = "UIInterfaceOrientationPortrait UIInterfaceOrientationLandscapeLeft UIInterfaceOrientationLandscapeRight";
				IPHONEOS_DEPLOYMENT_TARGET = 15.0;
				LD_RUNPATH_SEARCH_PATHS = (
					"$(inherited)",
					"@executable_path/Frameworks",
				);
				MARKETING_VERSION = 1.0;
				PRODUCT_BUNDLE_IDENTIFIER = Ali.Trains;
				PRODUCT_NAME = "$(TARGET_NAME)";
				SWIFT_EMIT_LOC_STRINGS = YES;
				SWIFT_VERSION = 5.0;
				TARGETED_DEVICE_FAMILY = "1,2";
			};
			name = Release;
		};
		413DC92F2A35C5FA00BB9334 /* Debug */ = {
			isa = XCBuildConfiguration;
			buildSettings = {
				ALWAYS_EMBED_SWIFT_STANDARD_LIBRARIES = YES;
				BUNDLE_LOADER = "$(TEST_HOST)";
				CODE_SIGN_STYLE = Automatic;
				CURRENT_PROJECT_VERSION = 1;
				DEVELOPMENT_TEAM = MD5CW7R5NB;
				GENERATE_INFOPLIST_FILE = YES;
				IPHONEOS_DEPLOYMENT_TARGET = 16.4;
				MARKETING_VERSION = 1.0;
				PRODUCT_BUNDLE_IDENTIFIER = Ali.TrainsTests;
				PRODUCT_NAME = "$(TARGET_NAME)";
				SWIFT_EMIT_LOC_STRINGS = NO;
				SWIFT_VERSION = 5.0;
				TARGETED_DEVICE_FAMILY = "1,2";
				TEST_HOST = "$(BUILT_PRODUCTS_DIR)/Trains.app/$(BUNDLE_EXECUTABLE_FOLDER_PATH)/Trains";
			};
			name = Debug;
		};
		413DC9302A35C5FA00BB9334 /* Release */ = {
			isa = XCBuildConfiguration;
			buildSettings = {
				ALWAYS_EMBED_SWIFT_STANDARD_LIBRARIES = YES;
				BUNDLE_LOADER = "$(TEST_HOST)";
				CODE_SIGN_STYLE = Automatic;
				CURRENT_PROJECT_VERSION = 1;
				DEVELOPMENT_TEAM = MD5CW7R5NB;
				GENERATE_INFOPLIST_FILE = YES;
				IPHONEOS_DEPLOYMENT_TARGET = 16.4;
				MARKETING_VERSION = 1.0;
				PRODUCT_BUNDLE_IDENTIFIER = Ali.TrainsTests;
				PRODUCT_NAME = "$(TARGET_NAME)";
				SWIFT_EMIT_LOC_STRINGS = NO;
				SWIFT_VERSION = 5.0;
				TARGETED_DEVICE_FAMILY = "1,2";
				TEST_HOST = "$(BUILT_PRODUCTS_DIR)/Trains.app/$(BUNDLE_EXECUTABLE_FOLDER_PATH)/Trains";
			};
			name = Release;
		};
		413DC9322A35C5FA00BB9334 /* Debug */ = {
			isa = XCBuildConfiguration;
			buildSettings = {
				ALWAYS_EMBED_SWIFT_STANDARD_LIBRARIES = YES;
				CODE_SIGN_STYLE = Automatic;
				CURRENT_PROJECT_VERSION = 1;
				DEVELOPMENT_TEAM = MD5CW7R5NB;
				GENERATE_INFOPLIST_FILE = YES;
				MARKETING_VERSION = 1.0;
				PRODUCT_BUNDLE_IDENTIFIER = Ali.TrainsUITests;
				PRODUCT_NAME = "$(TARGET_NAME)";
				SWIFT_EMIT_LOC_STRINGS = NO;
				SWIFT_VERSION = 5.0;
				TARGETED_DEVICE_FAMILY = "1,2";
				TEST_TARGET_NAME = Trains;
			};
			name = Debug;
		};
		413DC9332A35C5FA00BB9334 /* Release */ = {
			isa = XCBuildConfiguration;
			buildSettings = {
				ALWAYS_EMBED_SWIFT_STANDARD_LIBRARIES = YES;
				CODE_SIGN_STYLE = Automatic;
				CURRENT_PROJECT_VERSION = 1;
				DEVELOPMENT_TEAM = MD5CW7R5NB;
				GENERATE_INFOPLIST_FILE = YES;
				MARKETING_VERSION = 1.0;
				PRODUCT_BUNDLE_IDENTIFIER = Ali.TrainsUITests;
				PRODUCT_NAME = "$(TARGET_NAME)";
				SWIFT_EMIT_LOC_STRINGS = NO;
				SWIFT_VERSION = 5.0;
				TARGETED_DEVICE_FAMILY = "1,2";
				TEST_TARGET_NAME = Trains;
			};
			name = Release;
		};
/* End XCBuildConfiguration section */

/* Begin XCConfigurationList section */
		413DC9022A35C5F700BB9334 /* Build configuration list for PBXProject "Trains" */ = {
			isa = XCConfigurationList;
			buildConfigurations = (
				413DC9292A35C5FA00BB9334 /* Debug */,
				413DC92A2A35C5FA00BB9334 /* Release */,
			);
			defaultConfigurationIsVisible = 0;
			defaultConfigurationName = Release;
		};
		413DC92B2A35C5FA00BB9334 /* Build configuration list for PBXNativeTarget "Trains" */ = {
			isa = XCConfigurationList;
			buildConfigurations = (
				413DC92C2A35C5FA00BB9334 /* Debug */,
				413DC92D2A35C5FA00BB9334 /* Release */,
			);
			defaultConfigurationIsVisible = 0;
			defaultConfigurationName = Release;
		};
		413DC92E2A35C5FA00BB9334 /* Build configuration list for PBXNativeTarget "TrainsTests" */ = {
			isa = XCConfigurationList;
			buildConfigurations = (
				413DC92F2A35C5FA00BB9334 /* Debug */,
				413DC9302A35C5FA00BB9334 /* Release */,
			);
			defaultConfigurationIsVisible = 0;
			defaultConfigurationName = Release;
		};
		413DC9312A35C5FA00BB9334 /* Build configuration list for PBXNativeTarget "TrainsUITests" */ = {
			isa = XCConfigurationList;
			buildConfigurations = (
				413DC9322A35C5FA00BB9334 /* Debug */,
				413DC9332A35C5FA00BB9334 /* Release */,
			);
			defaultConfigurationIsVisible = 0;
			defaultConfigurationName = Release;
		};
/* End XCConfigurationList section */
	};
	rootObject = 413DC8FF2A35C5F700BB9334 /* Project object */;
}
